
Microsoft Visual Studio Solution File, Format Version 12.00
# Visual Studio Version 16
VisualStudioVersion = 16.0.29123.88
MinimumVisualStudioVersion = 10.0.40219.1
Project("{9A19103F-16F7-4668-BE54-9A1E7A4F7556}") = "CodeTestDemo.Core", "CodeTestDemo.Core\CodeTestDemo.Core.csproj", "{C563A29F-51C2-4D44-896F-43CA8EF5F85A}"
EndProject
Project("{9A19103F-16F7-4668-BE54-9A1E7A4F7556}") = "CodeTestDemo.Infrastructure", "CodeTestDemo.Infrastructure\CodeTestDemo.Infrastructure.csproj", "{00A25E39-2CCC-4875-A517-A1A49FD8E96C}"
EndProject
Project("{9A19103F-16F7-4668-BE54-9A1E7A4F7556}") = "CodeTestDemo.Api", "CodeTestDemo.Api\CodeTestDemo.Api.csproj", "{22DEE2F5-4A96-4019-B25D-1F8663C36D64}"
EndProject
Global
	GlobalSection(SolutionConfigurationPlatforms) = preSolution
		Debug|Any CPU = Debug|Any CPU
		Release|Any CPU = Release|Any CPU
	EndGlobalSection
	GlobalSection(ProjectConfigurationPlatforms) = postSolution
		{C563A29F-51C2-4D44-896F-43CA8EF5F85A}.Debug|Any CPU.ActiveCfg = Debug|Any CPU
		{C563A29F-51C2-4D44-896F-43CA8EF5F85A}.Debug|Any CPU.Build.0 = Debug|Any CPU
		{C563A29F-51C2-4D44-896F-43CA8EF5F85A}.Release|Any CPU.ActiveCfg = Release|Any CPU
		{C563A29F-51C2-4D44-896F-43CA8EF5F85A}.Release|Any CPU.Build.0 = Release|Any CPU
		{00A25E39-2CCC-4875-A517-A1A49FD8E96C}.Debug|Any CPU.ActiveCfg = Debug|Any CPU
		{00A25E39-2CCC-4875-A517-A1A49FD8E96C}.Debug|Any CPU.Build.0 = Debug|Any CPU
		{00A25E39-2CCC-4875-A517-A1A49FD8E96C}.Release|Any CPU.ActiveCfg = Release|Any CPU
		{00A25E39-2CCC-4875-A517-A1A49FD8E96C}.Release|Any CPU.Build.0 = Release|Any CPU
		{22DEE2F5-4A96-4019-B25D-1F8663C36D64}.Debug|Any CPU.ActiveCfg = Debug|Any CPU
		{22DEE2F5-4A96-4019-B25D-1F8663C36D64}.Debug|Any CPU.Build.0 = Debug|Any CPU
		{22DEE2F5-4A96-4019-B25D-1F8663C36D64}.Release|Any CPU.ActiveCfg = Release|Any CPU
		{22DEE2F5-4A96-4019-B25D-1F8663C36D64}.Release|Any CPU.Build.0 = Release|Any CPU
	EndGlobalSection
	GlobalSection(SolutionProperties) = preSolution
		HideSolutionNode = FALSE
	EndGlobalSection
	GlobalSection(ExtensibilityGlobals) = postSolution
		SolutionGuid = {0F8FFE02-6CD4-4CC4-8FB3-2502EC1B5814}
	EndGlobalSection
EndGlobal
